
Microsoft Visual Studio Solution File, Format Version 12.00
# Visual Studio Version 17
VisualStudioVersion = 17.10.35122.118
MinimumVisualStudioVersion = 10.0.40219.1
Project("{2150E333-8FDC-42A3-9474-1A3956D46DE8}") = "1. SimpleQueueConsumer", "1. SimpleQueueConsumer", "{A428B15D-A0BF-4696-9598-D06BEF835C37}"
EndProject
Project("{9A19103F-16F7-4668-BE54-9A1E7A4F7556}") = "Send", "1. SimpleQueueConsumer\Send\Send.csproj", "{6752C4D5-D3AC-4BC2-B5CE-27C7A672C5AE}"
EndProject
Project("{9A19103F-16F7-4668-BE54-9A1E7A4F7556}") = "Receive", "1. SimpleQueueConsumer\Receive\Receive.csproj", "{190C99EA-1B34-4912-9A3B-882CF0EBDCAD}"
EndProject
Project("{2150E333-8FDC-42A3-9474-1A3956D46DE8}") = "2. WorkQueues", "2. WorkQueues", "{7C807B6B-0B13-4579-A1CA-563E7CE2B185}"
EndProject
Project("{9A19103F-16F7-4668-BE54-9A1E7A4F7556}") = "Worker", "2. WorkQueues\Worker\Worker.csproj", "{A44E3115-3501-4071-8C33-6870DD10CC26}"
EndProject
Project("{9A19103F-16F7-4668-BE54-9A1E7A4F7556}") = "NewTask", "2. WorkQueues\NewTask\NewTask.csproj", "{60E37ADB-FA2A-4842-9CEE-28F75103DB87}"
EndProject
Project("{2150E333-8FDC-42A3-9474-1A3956D46DE8}") = "3. PublishAndSubscribe", "3. PublishAndSubscribe", "{02616461-88E8-4E01-B0EB-F3C86C1C0BC2}"
EndProject
Project("{9A19103F-16F7-4668-BE54-9A1E7A4F7556}") = "EmitLogs", "3. PublishAndSubscribe\EmitLogs\EmitLogs.csproj", "{55D57E31-1AD1-4D40-9CE7-6DFE95C27F47}"
EndProject
Project("{FAE04EC0-301F-11D3-BF4B-00C04F79EFBC}") = "ReceiveLogs", "3. PublishAndSubscribe\ReceiveLogs\ReceiveLogs.csproj", "{AD4CA083-C1D1-4181-947C-B7B7FCE63603}"
EndProject
Global
	GlobalSection(SolutionConfigurationPlatforms) = preSolution
		Debug|Any CPU = Debug|Any CPU
		Release|Any CPU = Release|Any CPU
	EndGlobalSection
	GlobalSection(ProjectConfigurationPlatforms) = postSolution
		{6752C4D5-D3AC-4BC2-B5CE-27C7A672C5AE}.Debug|Any CPU.ActiveCfg = Debug|Any CPU
		{6752C4D5-D3AC-4BC2-B5CE-27C7A672C5AE}.Debug|Any CPU.Build.0 = Debug|Any CPU
		{6752C4D5-D3AC-4BC2-B5CE-27C7A672C5AE}.Release|Any CPU.ActiveCfg = Release|Any CPU
		{6752C4D5-D3AC-4BC2-B5CE-27C7A672C5AE}.Release|Any CPU.Build.0 = Release|Any CPU
		{190C99EA-1B34-4912-9A3B-882CF0EBDCAD}.Debug|Any CPU.ActiveCfg = Debug|Any CPU
		{190C99EA-1B34-4912-9A3B-882CF0EBDCAD}.Debug|Any CPU.Build.0 = Debug|Any CPU
		{190C99EA-1B34-4912-9A3B-882CF0EBDCAD}.Release|Any CPU.ActiveCfg = Release|Any CPU
		{190C99EA-1B34-4912-9A3B-882CF0EBDCAD}.Release|Any CPU.Build.0 = Release|Any CPU
		{A44E3115-3501-4071-8C33-6870DD10CC26}.Debug|Any CPU.ActiveCfg = Debug|Any CPU
		{A44E3115-3501-4071-8C33-6870DD10CC26}.Debug|Any CPU.Build.0 = Debug|Any CPU
		{A44E3115-3501-4071-8C33-6870DD10CC26}.Release|Any CPU.ActiveCfg = Release|Any CPU
		{A44E3115-3501-4071-8C33-6870DD10CC26}.Release|Any CPU.Build.0 = Release|Any CPU
		{60E37ADB-FA2A-4842-9CEE-28F75103DB87}.Debug|Any CPU.ActiveCfg = Debug|Any CPU
		{60E37ADB-FA2A-4842-9CEE-28F75103DB87}.Debug|Any CPU.Build.0 = Debug|Any CPU
		{60E37ADB-FA2A-4842-9CEE-28F75103DB87}.Release|Any CPU.ActiveCfg = Release|Any CPU
		{60E37ADB-FA2A-4842-9CEE-28F75103DB87}.Release|Any CPU.Build.0 = Release|Any CPU
		{55D57E31-1AD1-4D40-9CE7-6DFE95C27F47}.Debug|Any CPU.ActiveCfg = Debug|Any CPU
		{55D57E31-1AD1-4D40-9CE7-6DFE95C27F47}.Debug|Any CPU.Build.0 = Debug|Any CPU
		{55D57E31-1AD1-4D40-9CE7-6DFE95C27F47}.Release|Any CPU.ActiveCfg = Release|Any CPU
		{55D57E31-1AD1-4D40-9CE7-6DFE95C27F47}.Release|Any CPU.Build.0 = Release|Any CPU
		{AD4CA083-C1D1-4181-947C-B7B7FCE63603}.Debug|Any CPU.ActiveCfg = Debug|Any CPU
		{AD4CA083-C1D1-4181-947C-B7B7FCE63603}.Debug|Any CPU.Build.0 = Debug|Any CPU
		{AD4CA083-C1D1-4181-947C-B7B7FCE63603}.Release|Any CPU.ActiveCfg = Release|Any CPU
		{AD4CA083-C1D1-4181-947C-B7B7FCE63603}.Release|Any CPU.Build.0 = Release|Any CPU
	EndGlobalSection
	GlobalSection(SolutionProperties) = preSolution
		HideSolutionNode = FALSE
	EndGlobalSection
	GlobalSection(NestedProjects) = preSolution
		{6752C4D5-D3AC-4BC2-B5CE-27C7A672C5AE} = {A428B15D-A0BF-4696-9598-D06BEF835C37}
		{190C99EA-1B34-4912-9A3B-882CF0EBDCAD} = {A428B15D-A0BF-4696-9598-D06BEF835C37}
		{A44E3115-3501-4071-8C33-6870DD10CC26} = {7C807B6B-0B13-4579-A1CA-563E7CE2B185}
		{60E37ADB-FA2A-4842-9CEE-28F75103DB87} = {7C807B6B-0B13-4579-A1CA-563E7CE2B185}
		{55D57E31-1AD1-4D40-9CE7-6DFE95C27F47} = {02616461-88E8-4E01-B0EB-F3C86C1C0BC2}
		{AD4CA083-C1D1-4181-947C-B7B7FCE63603} = {02616461-88E8-4E01-B0EB-F3C86C1C0BC2}
	EndGlobalSection
	GlobalSection(ExtensibilityGlobals) = postSolution
		SolutionGuid = {51D4DA4B-91AB-4EA7-A4F1-D1B46957C0C9}
	EndGlobalSection
EndGlobal
